
Microsoft Visual Studio Solution File, Format Version 12.00
# Visual Studio Version 17
VisualStudioVersion = 17.0.31903.59
MinimumVisualStudioVersion = 10.0.40219.1
Project("{2150E333-8FDC-42A3-9474-1A3956D46DE8}") = "src", "src", "{827E0CD3-B72D-47B6-A68D-7590B98EB39B}"
EndProject
Project("{2150E333-8FDC-42A3-9474-1A3956D46DE8}") = "API", "API", "{81034408-37C8-1011-444E-4C15C2FADA8E}"
EndProject
Project("{FAE04EC0-301F-11D3-BF4B-00C04F79EFBC}") = "GalacticTrader.API", "src\API\GalacticTrader.API.csproj", "{53106761-712E-47BF-8A46-BEB57D356B2B}"
EndProject
Project("{FAE04EC0-301F-11D3-BF4B-00C04F79EFBC}") = "GalacticTrader.Services", "src\Services\GalacticTrader.Services.csproj", "{5D10CF23-D2C4-4048-9E2F-42284DAD1EB7}"
EndProject
Project("{FAE04EC0-301F-11D3-BF4B-00C04F79EFBC}") = "GalacticTrader.Data", "src\Data\GalacticTrader.Data.csproj", "{34BE7AEE-9A3B-4234-A67C-49C0CA52D7B7}"
EndProject
Project("{2150E333-8FDC-42A3-9474-1A3956D46DE8}") = "tests", "tests", "{0AB3BF05-4346-4AA6-1389-037BE0695223}"
EndProject
Project("{FAE04EC0-301F-11D3-BF4B-00C04F79EFBC}") = "GalacticTrader.Tests", "tests\GalacticTrader.Tests\GalacticTrader.Tests.csproj", "{0643C6E4-567A-435A-9FF7-74125CCBCF43}"
EndProject
Project("{2150E333-8FDC-42A3-9474-1A3956D46DE8}") = "Desktop", "Desktop", "{2951E765-5F77-95BA-3D85-F41283DA5914}"
EndProject
Project("{FAE04EC0-301F-11D3-BF4B-00C04F79EFBC}") = "GalacticTrader.Desktop", "src\Desktop\GalacticTrader.Desktop.csproj", "{254AA0A1-CBC6-4692-8D3B-32F942F1BE86}"
EndProject
Project("{FAE04EC0-301F-11D3-BF4B-00C04F79EFBC}") = "GalacticTrader.IntegrationTests", "tests\GalacticTrader.IntegrationTests\GalacticTrader.IntegrationTests.csproj", "{3B16F9FC-31EA-44FE-8603-ABB1E7E19F18}"
EndProject
Project("{FAE04EC0-301F-11D3-BF4B-00C04F79EFBC}") = "GalacticTrader.Benchmarks", "tests\GalacticTrader.Benchmarks\GalacticTrader.Benchmarks.csproj", "{254C337E-2F65-4CF7-9FD2-B6025F2934E1}"
EndProject
Project("{FAE04EC0-301F-11D3-BF4B-00C04F79EFBC}") = "GalacticTrader.Desktop.Tests", "tests\GalacticTrader.Desktop.Tests\GalacticTrader.Desktop.Tests.csproj", "{FAFFF5A2-3790-4691-8B12-E4268566997E}"
EndProject
Global
	GlobalSection(SolutionConfigurationPlatforms) = preSolution
		Debug|Any CPU = Debug|Any CPU
		Debug|x64 = Debug|x64
		Debug|x86 = Debug|x86
		Release|Any CPU = Release|Any CPU
		Release|x64 = Release|x64
		Release|x86 = Release|x86
	EndGlobalSection
	GlobalSection(ProjectConfigurationPlatforms) = postSolution
		{53106761-712E-47BF-8A46-BEB57D356B2B}.Debug|Any CPU.ActiveCfg = Debug|Any CPU
		{53106761-712E-47BF-8A46-BEB57D356B2B}.Debug|Any CPU.Build.0 = Debug|Any CPU
		{53106761-712E-47BF-8A46-BEB57D356B2B}.Debug|x64.ActiveCfg = Debug|Any CPU
		{53106761-712E-47BF-8A46-BEB57D356B2B}.Debug|x64.Build.0 = Debug|Any CPU
		{53106761-712E-47BF-8A46-BEB57D356B2B}.Debug|x86.ActiveCfg = Debug|Any CPU
		{53106761-712E-47BF-8A46-BEB57D356B2B}.Debug|x86.Build.0 = Debug|Any CPU
		{53106761-712E-47BF-8A46-BEB57D356B2B}.Release|Any CPU.ActiveCfg = Release|Any CPU
		{53106761-712E-47BF-8A46-BEB57D356B2B}.Release|Any CPU.Build.0 = Release|Any CPU
		{53106761-712E-47BF-8A46-BEB57D356B2B}.Release|x64.ActiveCfg = Release|Any CPU
		{53106761-712E-47BF-8A46-BEB57D356B2B}.Release|x64.Build.0 = Release|Any CPU
		{53106761-712E-47BF-8A46-BEB57D356B2B}.Release|x86.ActiveCfg = Release|Any CPU
		{53106761-712E-47BF-8A46-BEB57D356B2B}.Release|x86.Build.0 = Release|Any CPU
		{5D10CF23-D2C4-4048-9E2F-42284DAD1EB7}.Debug|Any CPU.ActiveCfg = Debug|Any CPU
		{5D10CF23-D2C4-4048-9E2F-42284DAD1EB7}.Debug|Any CPU.Build.0 = Debug|Any CPU
		{5D10CF23-D2C4-4048-9E2F-42284DAD1EB7}.Debug|x64.ActiveCfg = Debug|Any CPU
		{5D10CF23-D2C4-4048-9E2F-42284DAD1EB7}.Debug|x64.Build.0 = Debug|Any CPU
		{5D10CF23-D2C4-4048-9E2F-42284DAD1EB7}.Debug|x86.ActiveCfg = Debug|Any CPU
		{5D10CF23-D2C4-4048-9E2F-42284DAD1EB7}.Debug|x86.Build.0 = Debug|Any CPU
		{5D10CF23-D2C4-4048-9E2F-42284DAD1EB7}.Release|Any CPU.ActiveCfg = Release|Any CPU
		{5D10CF23-D2C4-4048-9E2F-42284DAD1EB7}.Release|Any CPU.Build.0 = Release|Any CPU
		{5D10CF23-D2C4-4048-9E2F-42284DAD1EB7}.Release|x64.ActiveCfg = Release|Any CPU
		{5D10CF23-D2C4-4048-9E2F-42284DAD1EB7}.Release|x64.Build.0 = Release|Any CPU
		{5D10CF23-D2C4-4048-9E2F-42284DAD1EB7}.Release|x86.ActiveCfg = Release|Any CPU
		{5D10CF23-D2C4-4048-9E2F-42284DAD1EB7}.Release|x86.Build.0 = Release|Any CPU
		{34BE7AEE-9A3B-4234-A67C-49C0CA52D7B7}.Debug|Any CPU.ActiveCfg = Debug|Any CPU
		{34BE7AEE-9A3B-4234-A67C-49C0CA52D7B7}.Debug|Any CPU.Build.0 = Debug|Any CPU
		{34BE7AEE-9A3B-4234-A67C-49C0CA52D7B7}.Debug|x64.ActiveCfg = Debug|Any CPU
		{34BE7AEE-9A3B-4234-A67C-49C0CA52D7B7}.Debug|x64.Build.0 = Debug|Any CPU
		{34BE7AEE-9A3B-4234-A67C-49C0CA52D7B7}.Debug|x86.ActiveCfg = Debug|Any CPU
		{34BE7AEE-9A3B-4234-A67C-49C0CA52D7B7}.Debug|x86.Build.0 = Debug|Any CPU
		{34BE7AEE-9A3B-4234-A67C-49C0CA52D7B7}.Release|Any CPU.ActiveCfg = Release|Any CPU
		{34BE7AEE-9A3B-4234-A67C-49C0CA52D7B7}.Release|Any CPU.Build.0 = Release|Any CPU
		{34BE7AEE-9A3B-4234-A67C-49C0CA52D7B7}.Release|x64.ActiveCfg = Release|Any CPU
		{34BE7AEE-9A3B-4234-A67C-49C0CA52D7B7}.Release|x64.Build.0 = Release|Any CPU
		{34BE7AEE-9A3B-4234-A67C-49C0CA52D7B7}.Release|x86.ActiveCfg = Release|Any CPU
		{34BE7AEE-9A3B-4234-A67C-49C0CA52D7B7}.Release|x86.Build.0 = Release|Any CPU
		{0643C6E4-567A-435A-9FF7-74125CCBCF43}.Debug|Any CPU.ActiveCfg = Debug|Any CPU
		{0643C6E4-567A-435A-9FF7-74125CCBCF43}.Debug|Any CPU.Build.0 = Debug|Any CPU
		{0643C6E4-567A-435A-9FF7-74125CCBCF43}.Debug|x64.ActiveCfg = Debug|Any CPU
		{0643C6E4-567A-435A-9FF7-74125CCBCF43}.Debug|x64.Build.0 = Debug|Any CPU
		{0643C6E4-567A-435A-9FF7-74125CCBCF43}.Debug|x86.ActiveCfg = Debug|Any CPU
		{0643C6E4-567A-435A-9FF7-74125CCBCF43}.Debug|x86.Build.0 = Debug|Any CPU
		{0643C6E4-567A-435A-9FF7-74125CCBCF43}.Release|Any CPU.ActiveCfg = Release|Any CPU
		{0643C6E4-567A-435A-9FF7-74125CCBCF43}.Release|Any CPU.Build.0 = Release|Any CPU
		{0643C6E4-567A-435A-9FF7-74125CCBCF43}.Release|x64.ActiveCfg = Release|Any CPU
		{0643C6E4-567A-435A-9FF7-74125CCBCF43}.Release|x64.Build.0 = Release|Any CPU
		{0643C6E4-567A-435A-9FF7-74125CCBCF43}.Release|x86.ActiveCfg = Release|Any CPU
		{0643C6E4-567A-435A-9FF7-74125CCBCF43}.Release|x86.Build.0 = Release|Any CPU
		{254AA0A1-CBC6-4692-8D3B-32F942F1BE86}.Debug|Any CPU.ActiveCfg = Debug|Any CPU
		{254AA0A1-CBC6-4692-8D3B-32F942F1BE86}.Debug|Any CPU.Build.0 = Debug|Any CPU
		{254AA0A1-CBC6-4692-8D3B-32F942F1BE86}.Debug|x64.ActiveCfg = Debug|Any CPU
		{254AA0A1-CBC6-4692-8D3B-32F942F1BE86}.Debug|x64.Build.0 = Debug|Any CPU
		{254AA0A1-CBC6-4692-8D3B-32F942F1BE86}.Debug|x86.ActiveCfg = Debug|Any CPU
		{254AA0A1-CBC6-4692-8D3B-32F942F1BE86}.Debug|x86.Build.0 = Debug|Any CPU
		{254AA0A1-CBC6-4692-8D3B-32F942F1BE86}.Release|Any CPU.ActiveCfg = Release|Any CPU
		{254AA0A1-CBC6-4692-8D3B-32F942F1BE86}.Release|Any CPU.Build.0 = Release|Any CPU
		{254AA0A1-CBC6-4692-8D3B-32F942F1BE86}.Release|x64.ActiveCfg = Release|Any CPU
		{254AA0A1-CBC6-4692-8D3B-32F942F1BE86}.Release|x64.Build.0 = Release|Any CPU
		{254AA0A1-CBC6-4692-8D3B-32F942F1BE86}.Release|x86.ActiveCfg = Release|Any CPU
		{254AA0A1-CBC6-4692-8D3B-32F942F1BE86}.Release|x86.Build.0 = Release|Any CPU
		{3B16F9FC-31EA-44FE-8603-ABB1E7E19F18}.Debug|Any CPU.ActiveCfg = Debug|Any CPU
		{3B16F9FC-31EA-44FE-8603-ABB1E7E19F18}.Debug|Any CPU.Build.0 = Debug|Any CPU
		{3B16F9FC-31EA-44FE-8603-ABB1E7E19F18}.Debug|x64.ActiveCfg = Debug|Any CPU
		{3B16F9FC-31EA-44FE-8603-ABB1E7E19F18}.Debug|x64.Build.0 = Debug|Any CPU
		{3B16F9FC-31EA-44FE-8603-ABB1E7E19F18}.Debug|x86.ActiveCfg = Debug|Any CPU
		{3B16F9FC-31EA-44FE-8603-ABB1E7E19F18}.Debug|x86.Build.0 = Debug|Any CPU
		{3B16F9FC-31EA-44FE-8603-ABB1E7E19F18}.Release|Any CPU.ActiveCfg = Release|Any CPU
		{3B16F9FC-31EA-44FE-8603-ABB1E7E19F18}.Release|Any CPU.Build.0 = Release|Any CPU
		{3B16F9FC-31EA-44FE-8603-ABB1E7E19F18}.Release|x64.ActiveCfg = Release|Any CPU
		{3B16F9FC-31EA-44FE-8603-ABB1E7E19F18}.Release|x64.Build.0 = Release|Any CPU
		{3B16F9FC-31EA-44FE-8603-ABB1E7E19F18}.Release|x86.ActiveCfg = Release|Any CPU
		{3B16F9FC-31EA-44FE-8603-ABB1E7E19F18}.Release|x86.Build.0 = Release|Any CPU
		{254C337E-2F65-4CF7-9FD2-B6025F2934E1}.Debug|Any CPU.ActiveCfg = Debug|Any CPU
		{254C337E-2F65-4CF7-9FD2-B6025F2934E1}.Debug|Any CPU.Build.0 = Debug|Any CPU
		{254C337E-2F65-4CF7-9FD2-B6025F2934E1}.Debug|x64.ActiveCfg = Debug|Any CPU
		{254C337E-2F65-4CF7-9FD2-B6025F2934E1}.Debug|x64.Build.0 = Debug|Any CPU
		{254C337E-2F65-4CF7-9FD2-B6025F2934E1}.Debug|x86.ActiveCfg = Debug|Any CPU
		{254C337E-2F65-4CF7-9FD2-B6025F2934E1}.Debug|x86.Build.0 = Debug|Any CPU
		{254C337E-2F65-4CF7-9FD2-B6025F2934E1}.Release|Any CPU.ActiveCfg = Release|Any CPU
		{254C337E-2F65-4CF7-9FD2-B6025F2934E1}.Release|Any CPU.Build.0 = Release|Any CPU
		{254C337E-2F65-4CF7-9FD2-B6025F2934E1}.Release|x64.ActiveCfg = Release|Any CPU
		{254C337E-2F65-4CF7-9FD2-B6025F2934E1}.Release|x64.Build.0 = Release|Any CPU
		{254C337E-2F65-4CF7-9FD2-B6025F2934E1}.Release|x86.ActiveCfg = Release|Any CPU
		{254C337E-2F65-4CF7-9FD2-B6025F2934E1}.Release|x86.Build.0 = Release|Any CPU
		{FAFFF5A2-3790-4691-8B12-E4268566997E}.Debug|Any CPU.ActiveCfg = Debug|Any CPU
		{FAFFF5A2-3790-4691-8B12-E4268566997E}.Debug|Any CPU.Build.0 = Debug|Any CPU
		{FAFFF5A2-3790-4691-8B12-E4268566997E}.Debug|x64.ActiveCfg = Debug|Any CPU
		{FAFFF5A2-3790-4691-8B12-E4268566997E}.Debug|x64.Build.0 = Debug|Any CPU
		{FAFFF5A2-3790-4691-8B12-E4268566997E}.Debug|x86.ActiveCfg = Debug|Any CPU
		{FAFFF5A2-3790-4691-8B12-E4268566997E}.Debug|x86.Build.0 = Debug|Any CPU
		{FAFFF5A2-3790-4691-8B12-E4268566997E}.Release|Any CPU.ActiveCfg = Release|Any CPU
		{FAFFF5A2-3790-4691-8B12-E4268566997E}.Release|Any CPU.Build.0 = Release|Any CPU
		{FAFFF5A2-3790-4691-8B12-E4268566997E}.Release|x64.ActiveCfg = Release|Any CPU
		{FAFFF5A2-3790-4691-8B12-E4268566997E}.Release|x64.Build.0 = Release|Any CPU
		{FAFFF5A2-3790-4691-8B12-E4268566997E}.Release|x86.ActiveCfg = Release|Any CPU
		{FAFFF5A2-3790-4691-8B12-E4268566997E}.Release|x86.Build.0 = Release|Any CPU
	EndGlobalSection
	GlobalSection(SolutionProperties) = preSolution
		HideSolutionNode = FALSE
	EndGlobalSection
	GlobalSection(NestedProjects) = preSolution
		{81034408-37C8-1011-444E-4C15C2FADA8E} = {827E0CD3-B72D-47B6-A68D-7590B98EB39B}
		{53106761-712E-47BF-8A46-BEB57D356B2B} = {81034408-37C8-1011-444E-4C15C2FADA8E}
		{5D10CF23-D2C4-4048-9E2F-42284DAD1EB7} = {81034408-37C8-1011-444E-4C15C2FADA8E}
		{34BE7AEE-9A3B-4234-A67C-49C0CA52D7B7} = {81034408-37C8-1011-444E-4C15C2FADA8E}
		{0643C6E4-567A-435A-9FF7-74125CCBCF43} = {0AB3BF05-4346-4AA6-1389-037BE0695223}
		{2951E765-5F77-95BA-3D85-F41283DA5914} = {827E0CD3-B72D-47B6-A68D-7590B98EB39B}
		{254AA0A1-CBC6-4692-8D3B-32F942F1BE86} = {2951E765-5F77-95BA-3D85-F41283DA5914}
		{3B16F9FC-31EA-44FE-8603-ABB1E7E19F18} = {0AB3BF05-4346-4AA6-1389-037BE0695223}
		{254C337E-2F65-4CF7-9FD2-B6025F2934E1} = {0AB3BF05-4346-4AA6-1389-037BE0695223}
		{FAFFF5A2-3790-4691-8B12-E4268566997E} = {0AB3BF05-4346-4AA6-1389-037BE0695223}
	EndGlobalSection
EndGlobal
