
Microsoft Visual Studio Solution File, Format Version 12.00
# Visual Studio Version 17
VisualStudioVersion = 17.0.31903.59
MinimumVisualStudioVersion = 10.0.40219.1
Project("{2150E333-8FDC-42A3-9474-1A3956D46DE8}") = "src", "src", "{827E0CD3-B72D-47B6-A68D-7590B98EB39B}"
EndProject
Project("{2150E333-8FDC-42A3-9474-1A3956D46DE8}") = "API", "API", "{81034408-37C8-1011-444E-4C15C2FADA8E}"
EndProject
Project("{FAE04EC0-301F-11D3-BF4B-00C04F79EFBC}") = "GalacticTrader.API", "src\API\GalacticTrader.API.csproj", "{53106761-712E-47BF-8A46-BEB57D356B2B}"
EndProject
Project("{FAE04EC0-301F-11D3-BF4B-00C04F79EFBC}") = "GalacticTrader.Services", "src\Services\GalacticTrader.Services.csproj", "{5D10CF23-D2C4-4048-9E2F-42284DAD1EB7}"
EndProject
Project("{FAE04EC0-301F-11D3-BF4B-00C04F79EFBC}") = "GalacticTrader.Data", "src\Data\GalacticTrader.Data.csproj", "{34BE7AEE-9A3B-4234-A67C-49C0CA52D7B7}"
EndProject
Project("{2150E333-8FDC-42A3-9474-1A3956D46DE8}") = "tests", "tests", "{0AB3BF05-4346-4AA6-1389-037BE0695223}"
EndProject
Project("{FAE04EC0-301F-11D3-BF4B-00C04F79EFBC}") = "GalacticTrader.Tests", "tests\GalacticTrader.Tests\GalacticTrader.Tests.csproj", "{0643C6E4-567A-435A-9FF7-74125CCBCF43}"
EndProject
Global
	GlobalSection(SolutionConfigurationPlatforms) = preSolution
		Debug|Any CPU = Debug|Any CPU
		Debug|x64 = Debug|x64
		Debug|x86 = Debug|x86
		Release|Any CPU = Release|Any CPU
		Release|x64 = Release|x64
		Release|x86 = Release|x86
	EndGlobalSection
	GlobalSection(ProjectConfigurationPlatforms) = postSolution
		{53106761-712E-47BF-8A46-BEB57D356B2B}.Debug|Any CPU.ActiveCfg = Debug|Any CPU
		{53106761-712E-47BF-8A46-BEB57D356B2B}.Debug|Any CPU.Build.0 = Debug|Any CPU
		{53106761-712E-47BF-8A46-BEB57D356B2B}.Debug|x64.ActiveCfg = Debug|Any CPU
		{53106761-712E-47BF-8A46-BEB57D356B2B}.Debug|x64.Build.0 = Debug|Any CPU
		{53106761-712E-47BF-8A46-BEB57D356B2B}.Debug|x86.ActiveCfg = Debug|Any CPU
		{53106761-712E-47BF-8A46-BEB57D356B2B}.Debug|x86.Build.0 = Debug|Any CPU
		{53106761-712E-47BF-8A46-BEB57D356B2B}.Release|Any CPU.ActiveCfg = Release|Any CPU
		{53106761-712E-47BF-8A46-BEB57D356B2B}.Release|Any CPU.Build.0 = Release|Any CPU
		{53106761-712E-47BF-8A46-BEB57D356B2B}.Release|x64.ActiveCfg = Release|Any CPU
		{53106761-712E-47BF-8A46-BEB57D356B2B}.Release|x64.Build.0 = Release|Any CPU
		{53106761-712E-47BF-8A46-BEB57D356B2B}.Release|x86.ActiveCfg = Release|Any CPU
		{53106761-712E-47BF-8A46-BEB57D356B2B}.Release|x86.Build.0 = Release|Any CPU
		{5D10CF23-D2C4-4048-9E2F-42284DAD1EB7}.Debug|Any CPU.ActiveCfg = Debug|Any CPU
		{5D10CF23-D2C4-4048-9E2F-42284DAD1EB7}.Debug|Any CPU.Build.0 = Debug|Any CPU
		{5D10CF23-D2C4-4048-9E2F-42284DAD1EB7}.Debug|x64.ActiveCfg = Debug|Any CPU
		{5D10CF23-D2C4-4048-9E2F-42284DAD1EB7}.Debug|x64.Build.0 = Debug|Any CPU
		{5D10CF23-D2C4-4048-9E2F-42284DAD1EB7}.Debug|x86.ActiveCfg = Debug|Any CPU
		{5D10CF23-D2C4-4048-9E2F-42284DAD1EB7}.Debug|x86.Build.0 = Debug|Any CPU
		{5D10CF23-D2C4-4048-9E2F-42284DAD1EB7}.Release|Any CPU.ActiveCfg = Release|Any CPU
		{5D10CF23-D2C4-4048-9E2F-42284DAD1EB7}.Release|Any CPU.Build.0 = Release|Any CPU
		{5D10CF23-D2C4-4048-9E2F-42284DAD1EB7}.Release|x64.ActiveCfg = Release|Any CPU
		{5D10CF23-D2C4-4048-9E2F-42284DAD1EB7}.Release|x64.Build.0 = Release|Any CPU
		{5D10CF23-D2C4-4048-9E2F-42284DAD1EB7}.Release|x86.ActiveCfg = Release|Any CPU
		{5D10CF23-D2C4-4048-9E2F-42284DAD1EB7}.Release|x86.Build.0 = Release|Any CPU
		{34BE7AEE-9A3B-4234-A67C-49C0CA52D7B7}.Debug|Any CPU.ActiveCfg = Debug|Any CPU
		{34BE7AEE-9A3B-4234-A67C-49C0CA52D7B7}.Debug|Any CPU.Build.0 = Debug|Any CPU
		{34BE7AEE-9A3B-4234-A67C-49C0CA52D7B7}.Debug|x64.ActiveCfg = Debug|Any CPU
		{34BE7AEE-9A3B-4234-A67C-49C0CA52D7B7}.Debug|x64.Build.0 = Debug|Any CPU
		{34BE7AEE-9A3B-4234-A67C-49C0CA52D7B7}.Debug|x86.ActiveCfg = Debug|Any CPU
		{34BE7AEE-9A3B-4234-A67C-49C0CA52D7B7}.Debug|x86.Build.0 = Debug|Any CPU
		{34BE7AEE-9A3B-4234-A67C-49C0CA52D7B7}.Release|Any CPU.ActiveCfg = Release|Any CPU
		{34BE7AEE-9A3B-4234-A67C-49C0CA52D7B7}.Release|Any CPU.Build.0 = Release|Any CPU
		{34BE7AEE-9A3B-4234-A67C-49C0CA52D7B7}.Release|x64.ActiveCfg = Release|Any CPU
		{34BE7AEE-9A3B-4234-A67C-49C0CA52D7B7}.Release|x64.Build.0 = Release|Any CPU
		{34BE7AEE-9A3B-4234-A67C-49C0CA52D7B7}.Release|x86.ActiveCfg = Release|Any CPU
		{34BE7AEE-9A3B-4234-A67C-49C0CA52D7B7}.Release|x86.Build.0 = Release|Any CPU
		{0643C6E4-567A-435A-9FF7-74125CCBCF43}.Debug|Any CPU.ActiveCfg = Debug|Any CPU
		{0643C6E4-567A-435A-9FF7-74125CCBCF43}.Debug|Any CPU.Build.0 = Debug|Any CPU
		{0643C6E4-567A-435A-9FF7-74125CCBCF43}.Debug|x64.ActiveCfg = Debug|Any CPU
		{0643C6E4-567A-435A-9FF7-74125CCBCF43}.Debug|x64.Build.0 = Debug|Any CPU
		{0643C6E4-567A-435A-9FF7-74125CCBCF43}.Debug|x86.ActiveCfg = Debug|Any CPU
		{0643C6E4-567A-435A-9FF7-74125CCBCF43}.Debug|x86.Build.0 = Debug|Any CPU
		{0643C6E4-567A-435A-9FF7-74125CCBCF43}.Release|Any CPU.ActiveCfg = Release|Any CPU
		{0643C6E4-567A-435A-9FF7-74125CCBCF43}.Release|Any CPU.Build.0 = Release|Any CPU
		{0643C6E4-567A-435A-9FF7-74125CCBCF43}.Release|x64.ActiveCfg = Release|Any CPU
		{0643C6E4-567A-435A-9FF7-74125CCBCF43}.Release|x64.Build.0 = Release|Any CPU
		{0643C6E4-567A-435A-9FF7-74125CCBCF43}.Release|x86.ActiveCfg = Release|Any CPU
		{0643C6E4-567A-435A-9FF7-74125CCBCF43}.Release|x86.Build.0 = Release|Any CPU
	EndGlobalSection
	GlobalSection(SolutionProperties) = preSolution
		HideSolutionNode = FALSE
	EndGlobalSection
	GlobalSection(NestedProjects) = preSolution
		{81034408-37C8-1011-444E-4C15C2FADA8E} = {827E0CD3-B72D-47B6-A68D-7590B98EB39B}
		{53106761-712E-47BF-8A46-BEB57D356B2B} = {81034408-37C8-1011-444E-4C15C2FADA8E}
		{5D10CF23-D2C4-4048-9E2F-42284DAD1EB7} = {81034408-37C8-1011-444E-4C15C2FADA8E}
		{34BE7AEE-9A3B-4234-A67C-49C0CA52D7B7} = {81034408-37C8-1011-444E-4C15C2FADA8E}
		{0643C6E4-567A-435A-9FF7-74125CCBCF43} = {0AB3BF05-4346-4AA6-1389-037BE0695223}
	EndGlobalSection
EndGlobal
